
Microsoft Visual Studio Solution File, Format Version 12.00
# Visual Studio Version 17
VisualStudioVersion = 17.7.34031.279
MinimumVisualStudioVersion = 10.0.40219.1
Project("{FAE04EC0-301F-11D3-BF4B-00C04F79EFBC}") = "TestCookiesNet", "TestCookiesNet\TestCookiesNet.csproj", "{2DF38021-1A8E-4B14-8B14-9E9229C8BF1A}"
EndProject
Global
	GlobalSection(SolutionConfigurationPlatforms) = preSolution
		Debug|Any CPU = Debug|Any CPU
		Release|Any CPU = Release|Any CPU
	EndGlobalSection
	GlobalSection(ProjectConfigurationPlatforms) = postSolution
		{2DF38021-1A8E-4B14-8B14-9E9229C8BF1A}.Debug|Any CPU.ActiveCfg = Debug|Any CPU
		{2DF38021-1A8E-4B14-8B14-9E9229C8BF1A}.Debug|Any CPU.Build.0 = Debug|Any CPU
		{2DF38021-1A8E-4B14-8B14-9E9229C8BF1A}.Release|Any CPU.ActiveCfg = Release|Any CPU
		{2DF38021-1A8E-4B14-8B14-9E9229C8BF1A}.Release|Any CPU.Build.0 = Release|Any CPU
	EndGlobalSection
	GlobalSection(SolutionProperties) = preSolution
		HideSolutionNode = FALSE
	EndGlobalSection
	GlobalSection(ExtensibilityGlobals) = postSolution
		SolutionGuid = {CB4C43FC-6810-4380-92C3-C1A36D3BCD11}
	EndGlobalSection
EndGlobal
